
Microsoft Visual Studio Solution File, Format Version 12.00
# Visual Studio Version 17
VisualStudioVersion = 17.6.33815.320
MinimumVisualStudioVersion = 10.0.40219.1
Project("{FAE04EC0-301F-11D3-BF4B-00C04F79EFBC}") = "DMCATXT", "DMCATXT\DMCATXT.csproj", "{282283A2-9460-464A-A5D8-5515BF31FBE3}"
EndProject
Global
	GlobalSection(SolutionConfigurationPlatforms) = preSolution
		Debug|Any CPU = Debug|Any CPU
		Release|Any CPU = Release|Any CPU
	EndGlobalSection
	GlobalSection(ProjectConfigurationPlatforms) = postSolution
		{282283A2-9460-464A-A5D8-5515BF31FBE3}.Debug|Any CPU.ActiveCfg = Debug|Any CPU
		{282283A2-9460-464A-A5D8-5515BF31FBE3}.Debug|Any CPU.Build.0 = Debug|Any CPU
		{282283A2-9460-464A-A5D8-5515BF31FBE3}.Release|Any CPU.ActiveCfg = Release|Any CPU
		{282283A2-9460-464A-A5D8-5515BF31FBE3}.Release|Any CPU.Build.0 = Release|Any CPU
	EndGlobalSection
	GlobalSection(SolutionProperties) = preSolution
		HideSolutionNode = FALSE
	EndGlobalSection
	GlobalSection(ExtensibilityGlobals) = postSolution
		SolutionGuid = {B02A3F39-2A2F-4476-8112-ED1649894BE9}
	EndGlobalSection
EndGlobal
